{
  "name": "cell-cli",
  "version": "1.0.0",
  "lockfileVersion": 3,
  "requires": true,
  "packages": {
    "": {
      "name": "cell-cli",
      "version": "1.0.0",
      "license": "ISC",
      "dependencies": {
        "commander": "^12.0.0",
        "lumos": "^0.0.1"
      }
    },
    "node_modules/colors": {
      "version": "1.4.0",
      "resolved": "https://registry.npmjs.org/colors/-/colors-1.4.0.tgz",
      "integrity": "sha512-a+UqTh4kgZg/SlGvfbzDHpgRu7AAQOmmqRHJnxhRZICKFUT91brVhNNt58CMWU9PsBbv3PDCZUHbVxuDiH2mtA==",
      "engines": {
        "node": ">=0.1.90"
      }
    },
    "node_modules/commander": {
      "version": "12.0.0",
      "resolved": "https://registry.npmjs.org/commander/-/commander-12.0.0.tgz",
      "integrity": "sha512-MwVNWlYjDTtOjX5PiD7o5pK0UrFU/OYgcJfjjK4RaHZETNtjJqrZa9Y9ds88+A+f+d5lv+561eZ+yCKoS3gbAA==",
      "engines": {
        "node": ">=18"
      }
    },
    "node_modules/lumos": {
      "version": "0.0.1",
      "resolved": "https://registry.npmjs.org/lumos/-/lumos-0.0.1.tgz",
      "integrity": "sha512-L7d0JnjvTzMI37/6b/r4WK1RTXw3qbOeISfyl0A1iSBHaNBq58LScmRkCpG+y1AFvALyZoc3S/SBP1O90LptIQ==",
      "dependencies": {
        "colors": "*"
      },
      "bin": {
        "lumos": "lumos.js"
      },
      "engines": {
        "node": "0.6.x"
      }
    }
  }
}
